
Microsoft Visual Studio Solution File, Format Version 12.00
# Visual Studio Version 17
VisualStudioVersion = 17.7.34221.43
MinimumVisualStudioVersion = 10.0.40219.1
Project("{FAE04EC0-301F-11D3-BF4B-00C04F79EFBC}") = "school magazine", "school magazine\school magazine.csproj", "{B90A7717-EF77-4DA4-9F2D-56695ACE340F}"
EndProject
Global
	GlobalSection(SolutionConfigurationPlatforms) = preSolution
		Debug|Any CPU = Debug|Any CPU
		Release|Any CPU = Release|Any CPU
	EndGlobalSection
	GlobalSection(ProjectConfigurationPlatforms) = postSolution
		{B90A7717-EF77-4DA4-9F2D-56695ACE340F}.Debug|Any CPU.ActiveCfg = Debug|Any CPU
		{B90A7717-EF77-4DA4-9F2D-56695ACE340F}.Debug|Any CPU.Build.0 = Debug|Any CPU
		{B90A7717-EF77-4DA4-9F2D-56695ACE340F}.Release|Any CPU.ActiveCfg = Release|Any CPU
		{B90A7717-EF77-4DA4-9F2D-56695ACE340F}.Release|Any CPU.Build.0 = Release|Any CPU
	EndGlobalSection
	GlobalSection(SolutionProperties) = preSolution
		HideSolutionNode = FALSE
	EndGlobalSection
	GlobalSection(ExtensibilityGlobals) = postSolution
		SolutionGuid = {B6BB6F4C-74BE-46B6-9EB3-9D3F78B41A80}
	EndGlobalSection
EndGlobal
